// !$*UTF8*$!
{
	archiveVersion = 1;
	classes = {
	};
	objectVersion = 55;
	objects = {

/* Begin PBXBuildFile section */
		DB10DC2D283D46790027B280 /* CharacterView.swift in Sources */ = {isa = PBXBuildFile; fileRef = DB10DC2C283D46790027B280 /* CharacterView.swift */; };
		DB147EBD2820724800E0BEA2 /* AppDelegate.swift in Sources */ = {isa = PBXBuildFile; fileRef = DB147EBC2820724800E0BEA2 /* AppDelegate.swift */; };
		DB147EBF2820724800E0BEA2 /* SceneDelegate.swift in Sources */ = {isa = PBXBuildFile; fileRef = DB147EBE2820724800E0BEA2 /* SceneDelegate.swift */; };
		DB147EC62820725200E0BEA2 /* Assets.xcassets in Resources */ = {isa = PBXBuildFile; fileRef = DB147EC52820725200E0BEA2 /* Assets.xcassets */; };
		DB147EC92820725200E0BEA2 /* LaunchScreen.storyboard in Resources */ = {isa = PBXBuildFile; fileRef = DB147EC72820725200E0BEA2 /* LaunchScreen.storyboard */; };
		DB147ED5282073E700E0BEA2 /* CharacterViewController.swift in Sources */ = {isa = PBXBuildFile; fileRef = DB147ED4282073E700E0BEA2 /* CharacterViewController.swift */; };
		DB147ED8282078DE00E0BEA2 /* Kingfisher in Frameworks */ = {isa = PBXBuildFile; productRef = DB147ED7282078DE00E0BEA2 /* Kingfisher */; };
		DB147EDA2820837D00E0BEA2 /* CharacterInfoCellView.swift in Sources */ = {isa = PBXBuildFile; fileRef = DB147ED92820837D00E0BEA2 /* CharacterInfoCellView.swift */; };
		DB315367283A5D4000C6C7AB /* RootViewController.swift in Sources */ = {isa = PBXBuildFile; fileRef = DB315366283A5D4000C6C7AB /* RootViewController.swift */; };
		DB315369283A5DA900C6C7AB /* HomeViewController.swift in Sources */ = {isa = PBXBuildFile; fileRef = DB315368283A5DA900C6C7AB /* HomeViewController.swift */; };
		DB31536E283A5DF700C6C7AB /* sf-ui-display-bold.ttf in Resources */ = {isa = PBXBuildFile; fileRef = DB31536A283A5DF700C6C7AB /* sf-ui-display-bold.ttf */; };
		DB31536F283A5DF700C6C7AB /* sf-ui-text-semibold.ttf in Resources */ = {isa = PBXBuildFile; fileRef = DB31536B283A5DF700C6C7AB /* sf-ui-text-semibold.ttf */; };
		DB315370283A5DF700C6C7AB /* sf-ui-text-bold.ttf in Resources */ = {isa = PBXBuildFile; fileRef = DB31536C283A5DF700C6C7AB /* sf-ui-text-bold.ttf */; };
		DB315371283A5DF700C6C7AB /* sf-ui-display-black.ttf in Resources */ = {isa = PBXBuildFile; fileRef = DB31536D283A5DF700C6C7AB /* sf-ui-display-black.ttf */; };
		DB32F51C283AB5B8005902CB /* GalleryHomeViewController.swift in Sources */ = {isa = PBXBuildFile; fileRef = DB32F51B283AB5B7005902CB /* GalleryHomeViewController.swift */; };
		DB32F51E283AC55B005902CB /* ImageScrollView.swift in Sources */ = {isa = PBXBuildFile; fileRef = DB32F51D283AC55A005902CB /* ImageScrollView.swift */; };
		DB32F521283BAB6B005902CB /* StateController.swift in Sources */ = {isa = PBXBuildFile; fileRef = DB32F520283BAB6A005902CB /* StateController.swift */; };
		DB6711BA284FB65B001B0C9E /* Storage.swift in Sources */ = {isa = PBXBuildFile; fileRef = DB6711B9284FB65B001B0C9E /* Storage.swift */; };
		DB7D6C8628299CA300A593FD /* SearchViewController.swift in Sources */ = {isa = PBXBuildFile; fileRef = DB7D6C8528299CA300A593FD /* SearchViewController.swift */; };
		DB8181CA28562F7E002CBCC4 /* Character.swift in Sources */ = {isa = PBXBuildFile; fileRef = DB8181C928562F7D002CBCC4 /* Character.swift */; };
		DB8181CC2856310C002CBCC4 /* APIResponseModel.swift in Sources */ = {isa = PBXBuildFile; fileRef = DB8181CB2856310C002CBCC4 /* APIResponseModel.swift */; };
		DB8181CE28563547002CBCC4 /* APIResource.swift in Sources */ = {isa = PBXBuildFile; fileRef = DB8181CD28563547002CBCC4 /* APIResource.swift */; };
		DB8181D0285637E6002CBCC4 /* APIRequest.swift in Sources */ = {isa = PBXBuildFile; fileRef = DB8181CF285637E6002CBCC4 /* APIRequest.swift */; };
		DB8181D228563CED002CBCC4 /* CharactersResource.swift in Sources */ = {isa = PBXBuildFile; fileRef = DB8181D128563CED002CBCC4 /* CharactersResource.swift */; };
		DB8181D428563FC3002CBCC4 /* APIGenericRequest.swift in Sources */ = {isa = PBXBuildFile; fileRef = DB8181D328563FC3002CBCC4 /* APIGenericRequest.swift */; };
		DB8181D628566A31002CBCC4 /* ImageRequest.swift in Sources */ = {isa = PBXBuildFile; fileRef = DB8181D528566A30002CBCC4 /* ImageRequest.swift */; };
		DB8181DB285751C0002CBCC4 /* SearchResultsViewController.swift in Sources */ = {isa = PBXBuildFile; fileRef = DB8181DA285751BF002CBCC4 /* SearchResultsViewController.swift */; };
		DB8181DD28577C44002CBCC4 /* NetworkingController.swift in Sources */ = {isa = PBXBuildFile; fileRef = DB8181DC28577C43002CBCC4 /* NetworkingController.swift */; };
		DB8E2AC5283CF25E0001C743 /* AnimatorController.swift in Sources */ = {isa = PBXBuildFile; fileRef = DB8E2AC4283CF25E0001C743 /* AnimatorController.swift */; };
		DB908FD72829547100F4923B /* Colors.xcassets in Resources */ = {isa = PBXBuildFile; fileRef = DB908FD62829547100F4923B /* Colors.xcassets */; };
		DB908FDA2829573000F4923B /* Colors.swift in Sources */ = {isa = PBXBuildFile; fileRef = DB908FD92829573000F4923B /* Colors.swift */; };
		DBD53605282B07DE004823E4 /* FavoritesViewController.swift in Sources */ = {isa = PBXBuildFile; fileRef = DBD53604282B07DE004823E4 /* FavoritesViewController.swift */; };
/* End PBXBuildFile section */

/* Begin PBXFileReference section */
		DB10DC2C283D46790027B280 /* CharacterView.swift */ = {isa = PBXFileReference; lastKnownFileType = sourcecode.swift; path = CharacterView.swift; sourceTree = "<group>"; };
		DB147EB92820724800E0BEA2 /* RickAndMortyApp.app */ = {isa = PBXFileReference; explicitFileType = wrapper.application; includeInIndex = 0; path = RickAndMortyApp.app; sourceTree = BUILT_PRODUCTS_DIR; };
		DB147EBC2820724800E0BEA2 /* AppDelegate.swift */ = {isa = PBXFileReference; lastKnownFileType = sourcecode.swift; path = AppDelegate.swift; sourceTree = "<group>"; };
		DB147EBE2820724800E0BEA2 /* SceneDelegate.swift */ = {isa = PBXFileReference; lastKnownFileType = sourcecode.swift; path = SceneDelegate.swift; sourceTree = "<group>"; };
		DB147EC52820725200E0BEA2 /* Assets.xcassets */ = {isa = PBXFileReference; lastKnownFileType = folder.assetcatalog; path = Assets.xcassets; sourceTree = "<group>"; };
		DB147EC82820725200E0BEA2 /* Base */ = {isa = PBXFileReference; lastKnownFileType = file.storyboard; name = Base; path = Base.lproj/LaunchScreen.storyboard; sourceTree = "<group>"; };
		DB147ECA2820725200E0BEA2 /* Info.plist */ = {isa = PBXFileReference; lastKnownFileType = text.plist.xml; path = Info.plist; sourceTree = "<group>"; };
		DB147ED4282073E700E0BEA2 /* CharacterViewController.swift */ = {isa = PBXFileReference; lastKnownFileType = sourcecode.swift; path = CharacterViewController.swift; sourceTree = "<group>"; };
		DB147ED92820837D00E0BEA2 /* CharacterInfoCellView.swift */ = {isa = PBXFileReference; lastKnownFileType = sourcecode.swift; path = CharacterInfoCellView.swift; sourceTree = "<group>"; };
		DB315366283A5D4000C6C7AB /* RootViewController.swift */ = {isa = PBXFileReference; lastKnownFileType = sourcecode.swift; path = RootViewController.swift; sourceTree = "<group>"; };
		DB315368283A5DA900C6C7AB /* HomeViewController.swift */ = {isa = PBXFileReference; lastKnownFileType = sourcecode.swift; path = HomeViewController.swift; sourceTree = "<group>"; };
		DB31536A283A5DF700C6C7AB /* sf-ui-display-bold.ttf */ = {isa = PBXFileReference; lastKnownFileType = file; name = "sf-ui-display-bold.ttf"; path = "../../../../../../fonts/sf-ui-display-bold.ttf"; sourceTree = "<group>"; };
		DB31536B283A5DF700C6C7AB /* sf-ui-text-semibold.ttf */ = {isa = PBXFileReference; lastKnownFileType = file; name = "sf-ui-text-semibold.ttf"; path = "../../../../../../fonts/sf-ui-text-semibold.ttf"; sourceTree = "<group>"; };
		DB31536C283A5DF700C6C7AB /* sf-ui-text-bold.ttf */ = {isa = PBXFileReference; lastKnownFileType = file; name = "sf-ui-text-bold.ttf"; path = "../../../../../../fonts/sf-ui-text-bold.ttf"; sourceTree = "<group>"; };
		DB31536D283A5DF700C6C7AB /* sf-ui-display-black.ttf */ = {isa = PBXFileReference; lastKnownFileType = file; name = "sf-ui-display-black.ttf"; path = "../../../../../../fonts/sf-ui-display-black.ttf"; sourceTree = "<group>"; };
		DB32F51B283AB5B7005902CB /* GalleryHomeViewController.swift */ = {isa = PBXFileReference; lastKnownFileType = sourcecode.swift; path = GalleryHomeViewController.swift; sourceTree = "<group>"; };
		DB32F51D283AC55A005902CB /* ImageScrollView.swift */ = {isa = PBXFileReference; lastKnownFileType = sourcecode.swift; path = ImageScrollView.swift; sourceTree = "<group>"; };
		DB32F520283BAB6A005902CB /* StateController.swift */ = {isa = PBXFileReference; lastKnownFileType = sourcecode.swift; path = StateController.swift; sourceTree = "<group>"; };
		DB6711B9284FB65B001B0C9E /* Storage.swift */ = {isa = PBXFileReference; lastKnownFileType = sourcecode.swift; path = Storage.swift; sourceTree = "<group>"; };
		DB7D6C8528299CA300A593FD /* SearchViewController.swift */ = {isa = PBXFileReference; lastKnownFileType = sourcecode.swift; path = SearchViewController.swift; sourceTree = "<group>"; };
		DB8181C928562F7D002CBCC4 /* Character.swift */ = {isa = PBXFileReference; lastKnownFileType = sourcecode.swift; path = Character.swift; sourceTree = "<group>"; };
		DB8181CB2856310C002CBCC4 /* APIResponseModel.swift */ = {isa = PBXFileReference; lastKnownFileType = sourcecode.swift; path = APIResponseModel.swift; sourceTree = "<group>"; };
		DB8181CD28563547002CBCC4 /* APIResource.swift */ = {isa = PBXFileReference; lastKnownFileType = sourcecode.swift; path = APIResource.swift; sourceTree = "<group>"; };
		DB8181CF285637E6002CBCC4 /* APIRequest.swift */ = {isa = PBXFileReference; lastKnownFileType = sourcecode.swift; path = APIRequest.swift; sourceTree = "<group>"; };
		DB8181D128563CED002CBCC4 /* CharactersResource.swift */ = {isa = PBXFileReference; lastKnownFileType = sourcecode.swift; path = CharactersResource.swift; sourceTree = "<group>"; };
		DB8181D328563FC3002CBCC4 /* APIGenericRequest.swift */ = {isa = PBXFileReference; lastKnownFileType = sourcecode.swift; path = APIGenericRequest.swift; sourceTree = "<group>"; };
		DB8181D528566A30002CBCC4 /* ImageRequest.swift */ = {isa = PBXFileReference; lastKnownFileType = sourcecode.swift; path = ImageRequest.swift; sourceTree = "<group>"; };
		DB8181DA285751BF002CBCC4 /* SearchResultsViewController.swift */ = {isa = PBXFileReference; lastKnownFileType = sourcecode.swift; path = SearchResultsViewController.swift; sourceTree = "<group>"; };
		DB8181DC28577C43002CBCC4 /* NetworkingController.swift */ = {isa = PBXFileReference; lastKnownFileType = sourcecode.swift; path = NetworkingController.swift; sourceTree = "<group>"; };
		DB8E2AC4283CF25E0001C743 /* AnimatorController.swift */ = {isa = PBXFileReference; lastKnownFileType = sourcecode.swift; path = AnimatorController.swift; sourceTree = "<group>"; };
		DB908FD62829547100F4923B /* Colors.xcassets */ = {isa = PBXFileReference; lastKnownFileType = folder.assetcatalog; path = Colors.xcassets; sourceTree = "<group>"; };
		DB908FD92829573000F4923B /* Colors.swift */ = {isa = PBXFileReference; lastKnownFileType = sourcecode.swift; path = Colors.swift; sourceTree = "<group>"; };
		DBD53604282B07DE004823E4 /* FavoritesViewController.swift */ = {isa = PBXFileReference; lastKnownFileType = sourcecode.swift; path = FavoritesViewController.swift; sourceTree = "<group>"; };
/* End PBXFileReference section */

/* Begin PBXFrameworksBuildPhase section */
		DB147EB62820724800E0BEA2 /* Frameworks */ = {
			isa = PBXFrameworksBuildPhase;
			buildActionMask = 2147483647;
			files = (
				DB147ED8282078DE00E0BEA2 /* Kingfisher in Frameworks */,
			);
			runOnlyForDeploymentPostprocessing = 0;
		};
/* End PBXFrameworksBuildPhase section */

/* Begin PBXGroup section */
		DB147EB02820724800E0BEA2 = {
			isa = PBXGroup;
			children = (
				DB147EBB2820724800E0BEA2 /* RickAndMortyApp */,
				DB147EBA2820724800E0BEA2 /* Products */,
			);
			sourceTree = "<group>";
		};
		DB147EBA2820724800E0BEA2 /* Products */ = {
			isa = PBXGroup;
			children = (
				DB147EB92820724800E0BEA2 /* RickAndMortyApp.app */,
			);
			name = Products;
			sourceTree = "<group>";
		};
		DB147EBB2820724800E0BEA2 /* RickAndMortyApp */ = {
			isa = PBXGroup;
			children = (
				DB8181C828562F65002CBCC4 /* Models */,
				DB8181C728562F24002CBCC4 /* Networking */,
				DB6711BB284FC36B001B0C9E /* DataStorage */,
				DB32F51F283BAB43005902CB /* Controllers */,
				DB315365283A5D2400C6C7AB /* Fonts */,
				DB908FD82829571B00F4923B /* Resources */,
				DB147ED12820727800E0BEA2 /* ViewControllers */,
				DB147ED02820726800E0BEA2 /* Views */,
				DB147EBC2820724800E0BEA2 /* AppDelegate.swift */,
				DB147EBE2820724800E0BEA2 /* SceneDelegate.swift */,
				DB147EC52820725200E0BEA2 /* Assets.xcassets */,
				DB147EC72820725200E0BEA2 /* LaunchScreen.storyboard */,
				DB147ECA2820725200E0BEA2 /* Info.plist */,
				DB908FD62829547100F4923B /* Colors.xcassets */,
			);
			path = RickAndMortyApp;
			sourceTree = "<group>";
		};
		DB147ED02820726800E0BEA2 /* Views */ = {
			isa = PBXGroup;
			children = (
				DB147ED92820837D00E0BEA2 /* CharacterInfoCellView.swift */,
				DB32F51D283AC55A005902CB /* ImageScrollView.swift */,
				DB10DC2C283D46790027B280 /* CharacterView.swift */,
			);
			path = Views;
			sourceTree = "<group>";
		};
		DB147ED12820727800E0BEA2 /* ViewControllers */ = {
			isa = PBXGroup;
			children = (
				DB147ED4282073E700E0BEA2 /* CharacterViewController.swift */,
				DB7D6C8528299CA300A593FD /* SearchViewController.swift */,
				DBD53604282B07DE004823E4 /* FavoritesViewController.swift */,
				DB315366283A5D4000C6C7AB /* RootViewController.swift */,
				DB315368283A5DA900C6C7AB /* HomeViewController.swift */,
				DB32F51B283AB5B7005902CB /* GalleryHomeViewController.swift */,
				DB8181DA285751BF002CBCC4 /* SearchResultsViewController.swift */,
			);
			path = ViewControllers;
			sourceTree = "<group>";
		};
		DB315365283A5D2400C6C7AB /* Fonts */ = {
			isa = PBXGroup;
			children = (
				DB31536D283A5DF700C6C7AB /* sf-ui-display-black.ttf */,
				DB31536A283A5DF700C6C7AB /* sf-ui-display-bold.ttf */,
				DB31536C283A5DF700C6C7AB /* sf-ui-text-bold.ttf */,
				DB31536B283A5DF700C6C7AB /* sf-ui-text-semibold.ttf */,
			);
			path = Fonts;
			sourceTree = "<group>";
		};
		DB32F51F283BAB43005902CB /* Controllers */ = {
			isa = PBXGroup;
			children = (
				DB32F520283BAB6A005902CB /* StateController.swift */,
				DB8E2AC4283CF25E0001C743 /* AnimatorController.swift */,
				DB8181DC28577C43002CBCC4 /* NetworkingController.swift */,
			);
			path = Controllers;
			sourceTree = "<group>";
		};
		DB6711BB284FC36B001B0C9E /* DataStorage */ = {
			isa = PBXGroup;
			children = (
				DB6711B9284FB65B001B0C9E /* Storage.swift */,
			);
			path = DataStorage;
			sourceTree = "<group>";
		};
		DB8181C728562F24002CBCC4 /* Networking */ = {
			isa = PBXGroup;
			children = (
				DB8181CD28563547002CBCC4 /* APIResource.swift */,
				DB8181CF285637E6002CBCC4 /* APIRequest.swift */,
				DB8181D128563CED002CBCC4 /* CharactersResource.swift */,
				DB8181D328563FC3002CBCC4 /* APIGenericRequest.swift */,
				DB8181D528566A30002CBCC4 /* ImageRequest.swift */,
			);
			path = Networking;
			sourceTree = "<group>";
		};
		DB8181C828562F65002CBCC4 /* Models */ = {
			isa = PBXGroup;
			children = (
				DB8181C928562F7D002CBCC4 /* Character.swift */,
				DB8181CB2856310C002CBCC4 /* APIResponseModel.swift */,
			);
			path = Models;
			sourceTree = "<group>";
		};
		DB908FD82829571B00F4923B /* Resources */ = {
			isa = PBXGroup;
			children = (
				DB908FD92829573000F4923B /* Colors.swift */,
			);
			path = Resources;
			sourceTree = "<group>";
		};
/* End PBXGroup section */

/* Begin PBXNativeTarget section */
		DB147EB82820724800E0BEA2 /* RickAndMortyApp */ = {
			isa = PBXNativeTarget;
			buildConfigurationList = DB147ECD2820725200E0BEA2 /* Build configuration list for PBXNativeTarget "RickAndMortyApp" */;
			buildPhases = (
				DB147EB52820724800E0BEA2 /* Sources */,
				DB147EB62820724800E0BEA2 /* Frameworks */,
				DB147EB72820724800E0BEA2 /* Resources */,
			);
			buildRules = (
			);
			dependencies = (
			);
			name = RickAndMortyApp;
			packageProductDependencies = (
				DB147ED7282078DE00E0BEA2 /* Kingfisher */,
			);
			productName = RickAndMortyApp;
			productReference = DB147EB92820724800E0BEA2 /* RickAndMortyApp.app */;
			productType = "com.apple.product-type.application";
		};
/* End PBXNativeTarget section */

/* Begin PBXProject section */
		DB147EB12820724800E0BEA2 /* Project object */ = {
			isa = PBXProject;
			attributes = {
				BuildIndependentTargetsInParallel = 1;
				LastSwiftUpdateCheck = 1310;
				LastUpgradeCheck = 1310;
				TargetAttributes = {
					DB147EB82820724800E0BEA2 = {
						CreatedOnToolsVersion = 13.1;
					};
				};
			};
			buildConfigurationList = DB147EB42820724800E0BEA2 /* Build configuration list for PBXProject "RickAndMortyApp" */;
			compatibilityVersion = "Xcode 13.0";
			developmentRegion = en;
			hasScannedForEncodings = 0;
			knownRegions = (
				en,
				Base,
			);
			mainGroup = DB147EB02820724800E0BEA2;
			packageReferences = (
				DB147ED6282078DE00E0BEA2 /* XCRemoteSwiftPackageReference "Kingfisher" */,
			);
			productRefGroup = DB147EBA2820724800E0BEA2 /* Products */;
			projectDirPath = "";
			projectRoot = "";
			targets = (
				DB147EB82820724800E0BEA2 /* RickAndMortyApp */,
			);
		};
/* End PBXProject section */

/* Begin PBXResourcesBuildPhase section */
		DB147EB72820724800E0BEA2 /* Resources */ = {
			isa = PBXResourcesBuildPhase;
			buildActionMask = 2147483647;
			files = (
				DB908FD72829547100F4923B /* Colors.xcassets in Resources */,
				DB315370283A5DF700C6C7AB /* sf-ui-text-bold.ttf in Resources */,
				DB147EC92820725200E0BEA2 /* LaunchScreen.storyboard in Resources */,
				DB147EC62820725200E0BEA2 /* Assets.xcassets in Resources */,
				DB31536F283A5DF700C6C7AB /* sf-ui-text-semibold.ttf in Resources */,
				DB315371283A5DF700C6C7AB /* sf-ui-display-black.ttf in Resources */,
				DB31536E283A5DF700C6C7AB /* sf-ui-display-bold.ttf in Resources */,
			);
			runOnlyForDeploymentPostprocessing = 0;
		};
/* End PBXResourcesBuildPhase section */

/* Begin PBXSourcesBuildPhase section */
		DB147EB52820724800E0BEA2 /* Sources */ = {
			isa = PBXSourcesBuildPhase;
			buildActionMask = 2147483647;
			files = (
				DB32F51C283AB5B8005902CB /* GalleryHomeViewController.swift in Sources */,
				DB8181D628566A31002CBCC4 /* ImageRequest.swift in Sources */,
				DB147ED5282073E700E0BEA2 /* CharacterViewController.swift in Sources */,
				DB8E2AC5283CF25E0001C743 /* AnimatorController.swift in Sources */,
				DB7D6C8628299CA300A593FD /* SearchViewController.swift in Sources */,
				DB8181CE28563547002CBCC4 /* APIResource.swift in Sources */,
				DB315367283A5D4000C6C7AB /* RootViewController.swift in Sources */,
				DB8181D0285637E6002CBCC4 /* APIRequest.swift in Sources */,
				DBD53605282B07DE004823E4 /* FavoritesViewController.swift in Sources */,
				DB8181DD28577C44002CBCC4 /* NetworkingController.swift in Sources */,
				DB8181D228563CED002CBCC4 /* CharactersResource.swift in Sources */,
				DB908FDA2829573000F4923B /* Colors.swift in Sources */,
				DB315369283A5DA900C6C7AB /* HomeViewController.swift in Sources */,
				DB8181CC2856310C002CBCC4 /* APIResponseModel.swift in Sources */,
				DB147EDA2820837D00E0BEA2 /* CharacterInfoCellView.swift in Sources */,
				DB32F521283BAB6B005902CB /* StateController.swift in Sources */,
				DB32F51E283AC55B005902CB /* ImageScrollView.swift in Sources */,
				DB10DC2D283D46790027B280 /* CharacterView.swift in Sources */,
				DB6711BA284FB65B001B0C9E /* Storage.swift in Sources */,
				DB8181DB285751C0002CBCC4 /* SearchResultsViewController.swift in Sources */,
				DB8181D428563FC3002CBCC4 /* APIGenericRequest.swift in Sources */,
				DB147EBD2820724800E0BEA2 /* AppDelegate.swift in Sources */,
				DB8181CA28562F7E002CBCC4 /* Character.swift in Sources */,
				DB147EBF2820724800E0BEA2 /* SceneDelegate.swift in Sources */,
			);
			runOnlyForDeploymentPostprocessing = 0;
		};
/* End PBXSourcesBuildPhase section */

/* Begin PBXVariantGroup section */
		DB147EC72820725200E0BEA2 /* LaunchScreen.storyboard */ = {
			isa = PBXVariantGroup;
			children = (
				DB147EC82820725200E0BEA2 /* Base */,
			);
			name = LaunchScreen.storyboard;
			sourceTree = "<group>";
		};
/* End PBXVariantGroup section */

/* Begin XCBuildConfiguration section */
		DB147ECB2820725200E0BEA2 /* Debug */ = {
			isa = XCBuildConfiguration;
			buildSettings = {
				ALWAYS_SEARCH_USER_PATHS = NO;
				CLANG_ANALYZER_NONNULL = YES;
				CLANG_ANALYZER_NUMBER_OBJECT_CONVERSION = YES_AGGRESSIVE;
				CLANG_CXX_LANGUAGE_STANDARD = "gnu++17";
				CLANG_CXX_LIBRARY = "libc++";
				CLANG_ENABLE_MODULES = YES;
				CLANG_ENABLE_OBJC_ARC = YES;
				CLANG_ENABLE_OBJC_WEAK = YES;
				CLANG_WARN_BLOCK_CAPTURE_AUTORELEASING = YES;
				CLANG_WARN_BOOL_CONVERSION = YES;
				CLANG_WARN_COMMA = YES;
				CLANG_WARN_CONSTANT_CONVERSION = YES;
				CLANG_WARN_DEPRECATED_OBJC_IMPLEMENTATIONS = YES;
				CLANG_WARN_DIRECT_OBJC_ISA_USAGE = YES_ERROR;
				CLANG_WARN_DOCUMENTATION_COMMENTS = YES;
				CLANG_WARN_EMPTY_BODY = YES;
				CLANG_WARN_ENUM_CONVERSION = YES;
				CLANG_WARN_INFINITE_RECURSION = YES;
				CLANG_WARN_INT_CONVERSION = YES;
				CLANG_WARN_NON_LITERAL_NULL_CONVERSION = YES;
				CLANG_WARN_OBJC_IMPLICIT_RETAIN_SELF = YES;
				CLANG_WARN_OBJC_LITERAL_CONVERSION = YES;
				CLANG_WARN_OBJC_ROOT_CLASS = YES_ERROR;
				CLANG_WARN_QUOTED_INCLUDE_IN_FRAMEWORK_HEADER = YES;
				CLANG_WARN_RANGE_LOOP_ANALYSIS = YES;
				CLANG_WARN_STRICT_PROTOTYPES = YES;
				CLANG_WARN_SUSPICIOUS_MOVE = YES;
				CLANG_WARN_UNGUARDED_AVAILABILITY = YES_AGGRESSIVE;
				CLANG_WARN_UNREACHABLE_CODE = YES;
				CLANG_WARN__DUPLICATE_METHOD_MATCH = YES;
				COPY_PHASE_STRIP = NO;
				DEBUG_INFORMATION_FORMAT = dwarf;
				ENABLE_STRICT_OBJC_MSGSEND = YES;
				ENABLE_TESTABILITY = YES;
				GCC_C_LANGUAGE_STANDARD = gnu11;
				GCC_DYNAMIC_NO_PIC = NO;
				GCC_NO_COMMON_BLOCKS = YES;
				GCC_OPTIMIZATION_LEVEL = 0;
				GCC_PREPROCESSOR_DEFINITIONS = (
					"DEBUG=1",
					"$(inherited)",
				);
				GCC_WARN_64_TO_32_BIT_CONVERSION = YES;
				GCC_WARN_ABOUT_RETURN_TYPE = YES_ERROR;
				GCC_WARN_UNDECLARED_SELECTOR = YES;
				GCC_WARN_UNINITIALIZED_AUTOS = YES_AGGRESSIVE;
				GCC_WARN_UNUSED_FUNCTION = YES;
				GCC_WARN_UNUSED_VARIABLE = YES;
				IPHONEOS_DEPLOYMENT_TARGET = 15.0;
				MTL_ENABLE_DEBUG_INFO = INCLUDE_SOURCE;
				MTL_FAST_MATH = YES;
				ONLY_ACTIVE_ARCH = YES;
				SDKROOT = iphoneos;
				SWIFT_ACTIVE_COMPILATION_CONDITIONS = DEBUG;
				SWIFT_OPTIMIZATION_LEVEL = "-Onone";
			};
			name = Debug;
		};
		DB147ECC2820725200E0BEA2 /* Release */ = {
			isa = XCBuildConfiguration;
			buildSettings = {
				ALWAYS_SEARCH_USER_PATHS = NO;
				CLANG_ANALYZER_NONNULL = YES;
				CLANG_ANALYZER_NUMBER_OBJECT_CONVERSION = YES_AGGRESSIVE;
				CLANG_CXX_LANGUAGE_STANDARD = "gnu++17";
				CLANG_CXX_LIBRARY = "libc++";
				CLANG_ENABLE_MODULES = YES;
				CLANG_ENABLE_OBJC_ARC = YES;
				CLANG_ENABLE_OBJC_WEAK = YES;
				CLANG_WARN_BLOCK_CAPTURE_AUTORELEASING = YES;
				CLANG_WARN_BOOL_CONVERSION = YES;
				CLANG_WARN_COMMA = YES;
				CLANG_WARN_CONSTANT_CONVERSION = YES;
				CLANG_WARN_DEPRECATED_OBJC_IMPLEMENTATIONS = YES;
				CLANG_WARN_DIRECT_OBJC_ISA_USAGE = YES_ERROR;
				CLANG_WARN_DOCUMENTATION_COMMENTS = YES;
				CLANG_WARN_EMPTY_BODY = YES;
				CLANG_WARN_ENUM_CONVERSION = YES;
				CLANG_WARN_INFINITE_RECURSION = YES;
				CLANG_WARN_INT_CONVERSION = YES;
				CLANG_WARN_NON_LITERAL_NULL_CONVERSION = YES;
				CLANG_WARN_OBJC_IMPLICIT_RETAIN_SELF = YES;
				CLANG_WARN_OBJC_LITERAL_CONVERSION = YES;
				CLANG_WARN_OBJC_ROOT_CLASS = YES_ERROR;
				CLANG_WARN_QUOTED_INCLUDE_IN_FRAMEWORK_HEADER = YES;
				CLANG_WARN_RANGE_LOOP_ANALYSIS = YES;
				CLANG_WARN_STRICT_PROTOTYPES = YES;
				CLANG_WARN_SUSPICIOUS_MOVE = YES;
				CLANG_WARN_UNGUARDED_AVAILABILITY = YES_AGGRESSIVE;
				CLANG_WARN_UNREACHABLE_CODE = YES;
				CLANG_WARN__DUPLICATE_METHOD_MATCH = YES;
				COPY_PHASE_STRIP = NO;
				DEBUG_INFORMATION_FORMAT = "dwarf-with-dsym";
				ENABLE_NS_ASSERTIONS = NO;
				ENABLE_STRICT_OBJC_MSGSEND = YES;
				GCC_C_LANGUAGE_STANDARD = gnu11;
				GCC_NO_COMMON_BLOCKS = YES;
				GCC_WARN_64_TO_32_BIT_CONVERSION = YES;
				GCC_WARN_ABOUT_RETURN_TYPE = YES_ERROR;
				GCC_WARN_UNDECLARED_SELECTOR = YES;
				GCC_WARN_UNINITIALIZED_AUTOS = YES_AGGRESSIVE;
				GCC_WARN_UNUSED_FUNCTION = YES;
				GCC_WARN_UNUSED_VARIABLE = YES;
				IPHONEOS_DEPLOYMENT_TARGET = 15.0;
				MTL_ENABLE_DEBUG_INFO = NO;
				MTL_FAST_MATH = YES;
				SDKROOT = iphoneos;
				SWIFT_COMPILATION_MODE = wholemodule;
				SWIFT_OPTIMIZATION_LEVEL = "-O";
				VALIDATE_PRODUCT = YES;
			};
			name = Release;
		};
		DB147ECE2820725200E0BEA2 /* Debug */ = {
			isa = XCBuildConfiguration;
			buildSettings = {
				ASSETCATALOG_COMPILER_APPICON_NAME = AppIcon;
				ASSETCATALOG_COMPILER_GLOBAL_ACCENT_COLOR_NAME = AccentColor;
				CODE_SIGN_STYLE = Automatic;
				CURRENT_PROJECT_VERSION = 1;
				DEVELOPMENT_TEAM = 57N35P6574;
				GENERATE_INFOPLIST_FILE = YES;
				INFOPLIST_FILE = RickAndMortyApp/Info.plist;
				INFOPLIST_KEY_UIApplicationSupportsIndirectInputEvents = YES;
				INFOPLIST_KEY_UILaunchStoryboardName = LaunchScreen;
				INFOPLIST_KEY_UISupportedInterfaceOrientations_iPad = "UIInterfaceOrientationPortrait UIInterfaceOrientationPortraitUpsideDown UIInterfaceOrientationLandscapeLeft UIInterfaceOrientationLandscapeRight";
				INFOPLIST_KEY_UISupportedInterfaceOrientations_iPhone = "UIInterfaceOrientationPortrait UIInterfaceOrientationLandscapeLeft UIInterfaceOrientationLandscapeRight";
				LD_RUNPATH_SEARCH_PATHS = (
					"$(inherited)",
					"@executable_path/Frameworks",
				);
				MARKETING_VERSION = 1.0;
				PRODUCT_BUNDLE_IDENTIFIER = ru.hse.cs.RickAndMortyApp;
				PRODUCT_NAME = "$(TARGET_NAME)";
				SWIFT_EMIT_LOC_STRINGS = YES;
				SWIFT_VERSION = 5.0;
				TARGETED_DEVICE_FAMILY = "1,2";
			};
			name = Debug;
		};
		DB147ECF2820725200E0BEA2 /* Release */ = {
			isa = XCBuildConfiguration;
			buildSettings = {
				ASSETCATALOG_COMPILER_APPICON_NAME = AppIcon;
				ASSETCATALOG_COMPILER_GLOBAL_ACCENT_COLOR_NAME = AccentColor;
				CODE_SIGN_STYLE = Automatic;
				CURRENT_PROJECT_VERSION = 1;
				DEVELOPMENT_TEAM = 57N35P6574;
				GENERATE_INFOPLIST_FILE = YES;
				INFOPLIST_FILE = RickAndMortyApp/Info.plist;
				INFOPLIST_KEY_UIApplicationSupportsIndirectInputEvents = YES;
				INFOPLIST_KEY_UILaunchStoryboardName = LaunchScreen;
				INFOPLIST_KEY_UISupportedInterfaceOrientations_iPad = "UIInterfaceOrientationPortrait UIInterfaceOrientationPortraitUpsideDown UIInterfaceOrientationLandscapeLeft UIInterfaceOrientationLandscapeRight";
				INFOPLIST_KEY_UISupportedInterfaceOrientations_iPhone = "UIInterfaceOrientationPortrait UIInterfaceOrientationLandscapeLeft UIInterfaceOrientationLandscapeRight";
				LD_RUNPATH_SEARCH_PATHS = (
					"$(inherited)",
					"@executable_path/Frameworks",
				);
				MARKETING_VERSION = 1.0;
				PRODUCT_BUNDLE_IDENTIFIER = ru.hse.cs.RickAndMortyApp;
				PRODUCT_NAME = "$(TARGET_NAME)";
				SWIFT_EMIT_LOC_STRINGS = YES;
				SWIFT_VERSION = 5.0;
				TARGETED_DEVICE_FAMILY = "1,2";
			};
			name = Release;
		};
/* End XCBuildConfiguration section */

/* Begin XCConfigurationList section */
		DB147EB42820724800E0BEA2 /* Build configuration list for PBXProject "RickAndMortyApp" */ = {
			isa = XCConfigurationList;
			buildConfigurations = (
				DB147ECB2820725200E0BEA2 /* Debug */,
				DB147ECC2820725200E0BEA2 /* Release */,
			);
			defaultConfigurationIsVisible = 0;
			defaultConfigurationName = Release;
		};
		DB147ECD2820725200E0BEA2 /* Build configuration list for PBXNativeTarget "RickAndMortyApp" */ = {
			isa = XCConfigurationList;
			buildConfigurations = (
				DB147ECE2820725200E0BEA2 /* Debug */,
				DB147ECF2820725200E0BEA2 /* Release */,
			);
			defaultConfigurationIsVisible = 0;
			defaultConfigurationName = Release;
		};
/* End XCConfigurationList section */

/* Begin XCRemoteSwiftPackageReference section */
		DB147ED6282078DE00E0BEA2 /* XCRemoteSwiftPackageReference "Kingfisher" */ = {
			isa = XCRemoteSwiftPackageReference;
			repositoryURL = "https://github.com/onevcat/Kingfisher";
			requirement = {
				kind = upToNextMajorVersion;
				minimumVersion = 7.0.0;
			};
		};
/* End XCRemoteSwiftPackageReference section */

/* Begin XCSwiftPackageProductDependency section */
		DB147ED7282078DE00E0BEA2 /* Kingfisher */ = {
			isa = XCSwiftPackageProductDependency;
			package = DB147ED6282078DE00E0BEA2 /* XCRemoteSwiftPackageReference "Kingfisher" */;
			productName = Kingfisher;
		};
/* End XCSwiftPackageProductDependency section */
	};
	rootObject = DB147EB12820724800E0BEA2 /* Project object */;
}
